
Microsoft Visual Studio Solution File, Format Version 12.00
# Visual Studio 14
VisualStudioVersion = 14.0.23107.0
MinimumVisualStudioVersion = 10.0.40219.1
Project("{FAE04EC0-301F-11D3-BF4B-00C04F79EFBC}") = "BLL", "BLL\BLL.csproj", "{F24CAEBF-6DD3-45C3-B34F-6B2AA8A9809D}"
EndProject
Project("{FAE04EC0-301F-11D3-BF4B-00C04F79EFBC}") = "DAL", "DAL\DAL.csproj", "{2AAFC3C0-AC65-41CD-8CD6-6C9D4AA8C55C}"
EndProject
Project("{FAE04EC0-301F-11D3-BF4B-00C04F79EFBC}") = "Entities", "Entities\Entities.csproj", "{33159B88-8B14-4642-A27A-82E0E8DFBDA9}"
EndProject
Project("{FAE04EC0-301F-11D3-BF4B-00C04F79EFBC}") = "InspiniaERP", "InspiniaERP\InspiniaERP.csproj", "{A0C565CC-ED54-49C6-8202-B5456A52AC8D}"
EndProject
Project("{FAE04EC0-301F-11D3-BF4B-00C04F79EFBC}") = "ResourceFiles", "ResourceFiles\ResourceFiles.csproj", "{67BD323F-1D4D-4AA5-89BF-9E5DFABBF770}"
EndProject
Project("{FAE04EC0-301F-11D3-BF4B-00C04F79EFBC}") = "Inspinia_MVC5", "Inspinia_MVC5\Inspinia_MVC5.csproj", "{A5859E0E-3C08-4045-B8DC-B3FB13655B00}"
EndProject
Project("{FAE04EC0-301F-11D3-BF4B-00C04F79EFBC}") = "AM.WebSite", "AM.WebSite\AM.WebSite.csproj", "{F410087A-2FCA-4A60-9F10-8B9C19E3D443}"
EndProject
Project("{FAE04EC0-301F-11D3-BF4B-00C04F79EFBC}") = "AM.DAL", "AM.DAL\AM.DAL.csproj", "{EE7711DA-834A-4513-82F9-918CF4D87ABA}"
EndProject
Project("{FAE04EC0-301F-11D3-BF4B-00C04F79EFBC}") = "AM.Services", "AM.Services\AM.Services.csproj", "{137FF71B-6146-4846-BCA3-7FEAC5E19E95}"
EndProject
Project("{FAE04EC0-301F-11D3-BF4B-00C04F79EFBC}") = "AM.Utils", "AM.Utils\AM.Utils.csproj", "{7C8351B3-289F-460C-86D1-8667255A0373}"
EndProject
Global
	GlobalSection(SolutionConfigurationPlatforms) = preSolution
		Debug|Any CPU = Debug|Any CPU
		Debug|x86 = Debug|x86
		Release|Any CPU = Release|Any CPU
		Release|x86 = Release|x86
	EndGlobalSection
	GlobalSection(ProjectConfigurationPlatforms) = postSolution
		{F24CAEBF-6DD3-45C3-B34F-6B2AA8A9809D}.Debug|Any CPU.ActiveCfg = Debug|Any CPU
		{F24CAEBF-6DD3-45C3-B34F-6B2AA8A9809D}.Debug|Any CPU.Build.0 = Debug|Any CPU
		{F24CAEBF-6DD3-45C3-B34F-6B2AA8A9809D}.Debug|x86.ActiveCfg = Debug|Any CPU
		{F24CAEBF-6DD3-45C3-B34F-6B2AA8A9809D}.Debug|x86.Build.0 = Debug|Any CPU
		{F24CAEBF-6DD3-45C3-B34F-6B2AA8A9809D}.Release|Any CPU.ActiveCfg = Release|Any CPU
		{F24CAEBF-6DD3-45C3-B34F-6B2AA8A9809D}.Release|Any CPU.Build.0 = Release|Any CPU
		{F24CAEBF-6DD3-45C3-B34F-6B2AA8A9809D}.Release|x86.ActiveCfg = Release|Any CPU
		{F24CAEBF-6DD3-45C3-B34F-6B2AA8A9809D}.Release|x86.Build.0 = Release|Any CPU
		{2AAFC3C0-AC65-41CD-8CD6-6C9D4AA8C55C}.Debug|Any CPU.ActiveCfg = Debug|Any CPU
		{2AAFC3C0-AC65-41CD-8CD6-6C9D4AA8C55C}.Debug|Any CPU.Build.0 = Debug|Any CPU
		{2AAFC3C0-AC65-41CD-8CD6-6C9D4AA8C55C}.Debug|x86.ActiveCfg = Debug|Any CPU
		{2AAFC3C0-AC65-41CD-8CD6-6C9D4AA8C55C}.Debug|x86.Build.0 = Debug|Any CPU
		{2AAFC3C0-AC65-41CD-8CD6-6C9D4AA8C55C}.Release|Any CPU.ActiveCfg = Release|Any CPU
		{2AAFC3C0-AC65-41CD-8CD6-6C9D4AA8C55C}.Release|Any CPU.Build.0 = Release|Any CPU
		{2AAFC3C0-AC65-41CD-8CD6-6C9D4AA8C55C}.Release|x86.ActiveCfg = Release|Any CPU
		{2AAFC3C0-AC65-41CD-8CD6-6C9D4AA8C55C}.Release|x86.Build.0 = Release|Any CPU
		{33159B88-8B14-4642-A27A-82E0E8DFBDA9}.Debug|Any CPU.ActiveCfg = Debug|Any CPU
		{33159B88-8B14-4642-A27A-82E0E8DFBDA9}.Debug|Any CPU.Build.0 = Debug|Any CPU
		{33159B88-8B14-4642-A27A-82E0E8DFBDA9}.Debug|x86.ActiveCfg = Debug|Any CPU
		{33159B88-8B14-4642-A27A-82E0E8DFBDA9}.Debug|x86.Build.0 = Debug|Any CPU
		{33159B88-8B14-4642-A27A-82E0E8DFBDA9}.Release|Any CPU.ActiveCfg = Release|Any CPU
		{33159B88-8B14-4642-A27A-82E0E8DFBDA9}.Release|Any CPU.Build.0 = Release|Any CPU
		{33159B88-8B14-4642-A27A-82E0E8DFBDA9}.Release|x86.ActiveCfg = Release|Any CPU
		{33159B88-8B14-4642-A27A-82E0E8DFBDA9}.Release|x86.Build.0 = Release|Any CPU
		{A0C565CC-ED54-49C6-8202-B5456A52AC8D}.Debug|Any CPU.ActiveCfg = Debug|Any CPU
		{A0C565CC-ED54-49C6-8202-B5456A52AC8D}.Debug|Any CPU.Build.0 = Debug|Any CPU
		{A0C565CC-ED54-49C6-8202-B5456A52AC8D}.Debug|x86.ActiveCfg = Debug|Any CPU
		{A0C565CC-ED54-49C6-8202-B5456A52AC8D}.Debug|x86.Build.0 = Debug|Any CPU
		{A0C565CC-ED54-49C6-8202-B5456A52AC8D}.Release|Any CPU.ActiveCfg = Release|Any CPU
		{A0C565CC-ED54-49C6-8202-B5456A52AC8D}.Release|Any CPU.Build.0 = Release|Any CPU
		{A0C565CC-ED54-49C6-8202-B5456A52AC8D}.Release|x86.ActiveCfg = Release|Any CPU
		{A0C565CC-ED54-49C6-8202-B5456A52AC8D}.Release|x86.Build.0 = Release|Any CPU
		{67BD323F-1D4D-4AA5-89BF-9E5DFABBF770}.Debug|Any CPU.ActiveCfg = Debug|Any CPU
		{67BD323F-1D4D-4AA5-89BF-9E5DFABBF770}.Debug|Any CPU.Build.0 = Debug|Any CPU
		{67BD323F-1D4D-4AA5-89BF-9E5DFABBF770}.Debug|x86.ActiveCfg = Debug|Any CPU
		{67BD323F-1D4D-4AA5-89BF-9E5DFABBF770}.Debug|x86.Build.0 = Debug|Any CPU
		{67BD323F-1D4D-4AA5-89BF-9E5DFABBF770}.Release|Any CPU.ActiveCfg = Release|Any CPU
		{67BD323F-1D4D-4AA5-89BF-9E5DFABBF770}.Release|Any CPU.Build.0 = Release|Any CPU
		{67BD323F-1D4D-4AA5-89BF-9E5DFABBF770}.Release|x86.ActiveCfg = Release|Any CPU
		{67BD323F-1D4D-4AA5-89BF-9E5DFABBF770}.Release|x86.Build.0 = Release|Any CPU
		{A5859E0E-3C08-4045-B8DC-B3FB13655B00}.Debug|Any CPU.ActiveCfg = Debug|Any CPU
		{A5859E0E-3C08-4045-B8DC-B3FB13655B00}.Debug|Any CPU.Build.0 = Debug|Any CPU
		{A5859E0E-3C08-4045-B8DC-B3FB13655B00}.Debug|x86.ActiveCfg = Debug|Any CPU
		{A5859E0E-3C08-4045-B8DC-B3FB13655B00}.Release|Any CPU.ActiveCfg = Release|Any CPU
		{A5859E0E-3C08-4045-B8DC-B3FB13655B00}.Release|Any CPU.Build.0 = Release|Any CPU
		{A5859E0E-3C08-4045-B8DC-B3FB13655B00}.Release|x86.ActiveCfg = Release|Any CPU
		{F410087A-2FCA-4A60-9F10-8B9C19E3D443}.Debug|Any CPU.ActiveCfg = Debug|Any CPU
		{F410087A-2FCA-4A60-9F10-8B9C19E3D443}.Debug|Any CPU.Build.0 = Debug|Any CPU
		{F410087A-2FCA-4A60-9F10-8B9C19E3D443}.Debug|x86.ActiveCfg = Debug|Any CPU
		{F410087A-2FCA-4A60-9F10-8B9C19E3D443}.Debug|x86.Build.0 = Debug|Any CPU
		{F410087A-2FCA-4A60-9F10-8B9C19E3D443}.Release|Any CPU.ActiveCfg = Release|Any CPU
		{F410087A-2FCA-4A60-9F10-8B9C19E3D443}.Release|Any CPU.Build.0 = Release|Any CPU
		{F410087A-2FCA-4A60-9F10-8B9C19E3D443}.Release|x86.ActiveCfg = Release|Any CPU
		{F410087A-2FCA-4A60-9F10-8B9C19E3D443}.Release|x86.Build.0 = Release|Any CPU
		{EE7711DA-834A-4513-82F9-918CF4D87ABA}.Debug|Any CPU.ActiveCfg = Debug|Any CPU
		{EE7711DA-834A-4513-82F9-918CF4D87ABA}.Debug|Any CPU.Build.0 = Debug|Any CPU
		{EE7711DA-834A-4513-82F9-918CF4D87ABA}.Debug|x86.ActiveCfg = Debug|x86
		{EE7711DA-834A-4513-82F9-918CF4D87ABA}.Debug|x86.Build.0 = Debug|x86
		{EE7711DA-834A-4513-82F9-918CF4D87ABA}.Release|Any CPU.ActiveCfg = Release|Any CPU
		{EE7711DA-834A-4513-82F9-918CF4D87ABA}.Release|Any CPU.Build.0 = Release|Any CPU
		{EE7711DA-834A-4513-82F9-918CF4D87ABA}.Release|x86.ActiveCfg = Release|x86
		{EE7711DA-834A-4513-82F9-918CF4D87ABA}.Release|x86.Build.0 = Release|x86
		{137FF71B-6146-4846-BCA3-7FEAC5E19E95}.Debug|Any CPU.ActiveCfg = Debug|Any CPU
		{137FF71B-6146-4846-BCA3-7FEAC5E19E95}.Debug|Any CPU.Build.0 = Debug|Any CPU
		{137FF71B-6146-4846-BCA3-7FEAC5E19E95}.Debug|x86.ActiveCfg = Debug|Any CPU
		{137FF71B-6146-4846-BCA3-7FEAC5E19E95}.Debug|x86.Build.0 = Debug|Any CPU
		{137FF71B-6146-4846-BCA3-7FEAC5E19E95}.Release|Any CPU.ActiveCfg = Release|Any CPU
		{137FF71B-6146-4846-BCA3-7FEAC5E19E95}.Release|Any CPU.Build.0 = Release|Any CPU
		{137FF71B-6146-4846-BCA3-7FEAC5E19E95}.Release|x86.ActiveCfg = Release|Any CPU
		{137FF71B-6146-4846-BCA3-7FEAC5E19E95}.Release|x86.Build.0 = Release|Any CPU
		{7C8351B3-289F-460C-86D1-8667255A0373}.Debug|Any CPU.ActiveCfg = Debug|Any CPU
		{7C8351B3-289F-460C-86D1-8667255A0373}.Debug|Any CPU.Build.0 = Debug|Any CPU
		{7C8351B3-289F-460C-86D1-8667255A0373}.Debug|x86.ActiveCfg = Debug|Any CPU
		{7C8351B3-289F-460C-86D1-8667255A0373}.Debug|x86.Build.0 = Debug|Any CPU
		{7C8351B3-289F-460C-86D1-8667255A0373}.Release|Any CPU.ActiveCfg = Release|Any CPU
		{7C8351B3-289F-460C-86D1-8667255A0373}.Release|Any CPU.Build.0 = Release|Any CPU
		{7C8351B3-289F-460C-86D1-8667255A0373}.Release|x86.ActiveCfg = Release|Any CPU
		{7C8351B3-289F-460C-86D1-8667255A0373}.Release|x86.Build.0 = Release|Any CPU
	EndGlobalSection
	GlobalSection(SolutionProperties) = preSolution
		HideSolutionNode = FALSE
	EndGlobalSection
EndGlobal
